{
  "originHash" : "e174d7fbd0f5d2be5bfd25816befabe94a9def9e5c818175bb644a70b4ecb6a6",
  "pins" : [
    {
      "identity" : "networkmanager",
      "kind" : "remoteSourceControl",
      "location" : "https://github.com/Tsotne94/NetworkManager.git",
      "state" : {
        "branch" : "main",
        "revision" : "7825fd1542c2be70398dd06f2c950309efca2c20"
      }
    }
  ],
  "version" : 3
}
