{
  "originHash" : "aa4a929784e1cb58932beaf2911ed4b9434183cfd38a985d694179a18ed43ec4",
  "pins" : [
    {
      "identity" : "dataformatter",
      "kind" : "remoteSourceControl",
      "location" : "https://github.com/Tsotne94/dataFormatter.git",
      "state" : {
        "branch" : "main",
        "revision" : "f1caf2fc51e59762283533461c2e0e824972c1ff"
      }
    },
    {
      "identity" : "networkmanager",
      "kind" : "remoteSourceControl",
      "location" : "https://github.com/Tsotne94/NetworkManager.git",
      "state" : {
        "branch" : "main",
        "revision" : "620d92acdc9f3a5d1178c1bea644a58913ade79f"
      }
    }
  ],
  "version" : 3
}
