{
  "originHash" : "3a33a9a1cd30ee0a6c858b2794e5def95326183c56ffe8c3bc66bcf5588cc915",
  "pins" : [
    {
      "identity" : "alamofire",
      "kind" : "remoteSourceControl",
      "location" : "https://github.com/Alamofire/Alamofire.git",
      "state" : {
        "revision" : "513364f870f6bfc468f9d2ff0a95caccc10044c5",
        "version" : "5.10.2"
      }
    },
    {
      "identity" : "dataformatter",
      "kind" : "remoteSourceControl",
      "location" : "https://github.com/Tsotne94/dataFormatter.git",
      "state" : {
        "branch" : "main",
        "revision" : "f1caf2fc51e59762283533461c2e0e824972c1ff"
      }
    },
    {
      "identity" : "networkmanager",
      "kind" : "remoteSourceControl",
      "location" : "https://github.com/Tsotne94/NetworkManager.git",
      "state" : {
        "branch" : "main",
        "revision" : "e734b55ef2a38c4d85f50f01c19cc699fe9bfd91"
      }
    }
  ],
  "version" : 3
}
